
Microsoft Visual Studio Solution File, Format Version 12.00
# Visual Studio Version 16
VisualStudioVersion = 16.0.32106.194
MinimumVisualStudioVersion = 10.0.40219.1
Project("{FAE04EC0-301F-11D3-BF4B-00C04F79EFBC}") = "TFLab", "TFLab\TFLab.csproj", "{34C7643E-0596-420B-8688-AAD7EC89DFC9}"
EndProject
Global
	GlobalSection(SolutionConfigurationPlatforms) = preSolution
		Debug|Any CPU = Debug|Any CPU
		Release|Any CPU = Release|Any CPU
	EndGlobalSection
	GlobalSection(ProjectConfigurationPlatforms) = postSolution
		{34C7643E-0596-420B-8688-AAD7EC89DFC9}.Debug|Any CPU.ActiveCfg = Debug|Any CPU
		{34C7643E-0596-420B-8688-AAD7EC89DFC9}.Debug|Any CPU.Build.0 = Debug|Any CPU
		{34C7643E-0596-420B-8688-AAD7EC89DFC9}.Release|Any CPU.ActiveCfg = Release|Any CPU
		{34C7643E-0596-420B-8688-AAD7EC89DFC9}.Release|Any CPU.Build.0 = Release|Any CPU
	EndGlobalSection
	GlobalSection(SolutionProperties) = preSolution
		HideSolutionNode = FALSE
	EndGlobalSection
	GlobalSection(ExtensibilityGlobals) = postSolution
		SolutionGuid = {F13F4B19-24F8-4067-BFBD-32FC19D393AE}
	EndGlobalSection
EndGlobal
